
Microsoft Visual Studio Solution File, Format Version 12.00
# Visual Studio Version 17
VisualStudioVersion = 17.0.31903.59
MinimumVisualStudioVersion = 10.0.40219.1
Project("{9A19103F-16F7-4668-BE54-9A1E7A4F7556}") = "PSL.MicroserviceTemplate.Api", "PSL.MicroserviceTemplate.Api\PSL.MicroserviceTemplate.Api.csproj", "{6E24D904-B4B2-4450-9E5E-1AF942ABCCF6}"
EndProject
Project("{9A19103F-16F7-4668-BE54-9A1E7A4F7556}") = "PSL.MicroserviceTemplate.Data", "PSL.MicroserviceTemplate.Data\PSL.MicroserviceTemplate.Data.csproj", "{53962BC5-71CC-4593-9C9F-2D9EFE47B763}"
EndProject
Project("{9A19103F-16F7-4668-BE54-9A1E7A4F7556}") = "PSL.MicroserviceTemplate.Domain", "PSL.MicroserviceTemplate.Domain\PSL.MicroserviceTemplate.Domain.csproj", "{31124015-8FF4-4378-B719-5D7BC2FA4254}"
EndProject
Project("{9A19103F-16F7-4668-BE54-9A1E7A4F7556}") = "PSL.MicroserviceTemplate.Domain.Abstractions", "PSL.MicroserviceTemplate.Domain.Abstractions\PSL.MicroserviceTemplate.Domain.Abstractions.csproj", "{DEF50748-64B6-4E4F-BECA-3F0D6023E34D}"
EndProject
Project("{9A19103F-16F7-4668-BE54-9A1E7A4F7556}") = "PSL.MicroserviceTemplate.Domain.UnitTests", "PSL.MicroserviceTemplate.Domain.UnitTests\PSL.MicroserviceTemplate.Domain.UnitTests.csproj", "{0F4AC344-C278-4165-8F91-BA9FD07619AD}"
EndProject
Project("{9A19103F-16F7-4668-BE54-9A1E7A4F7556}") = "PSL.MicroserviceTemplate.IntegrationTests", "PSL.MicroserviceTemplate.IntegrationTests\PSL.MicroserviceTemplate.IntegrationTests.csproj", "{F87A7D3F-D579-4C10-987E-8075E0CBBD0A}"
EndProject
Project("{2150E333-8FDC-42A3-9474-1A3956D46DE8}") = "Tests", "Tests", "{9FCF4F91-41CA-4451-96D1-FBEC377B31F5}"
EndProject
Global
	GlobalSection(SolutionConfigurationPlatforms) = preSolution
		Debug|Any CPU = Debug|Any CPU
		Release|Any CPU = Release|Any CPU
	EndGlobalSection
	GlobalSection(ProjectConfigurationPlatforms) = postSolution
		{6E24D904-B4B2-4450-9E5E-1AF942ABCCF6}.Debug|Any CPU.ActiveCfg = Debug|Any CPU
		{6E24D904-B4B2-4450-9E5E-1AF942ABCCF6}.Debug|Any CPU.Build.0 = Debug|Any CPU
		{6E24D904-B4B2-4450-9E5E-1AF942ABCCF6}.Release|Any CPU.ActiveCfg = Release|Any CPU
		{6E24D904-B4B2-4450-9E5E-1AF942ABCCF6}.Release|Any CPU.Build.0 = Release|Any CPU
		{53962BC5-71CC-4593-9C9F-2D9EFE47B763}.Debug|Any CPU.ActiveCfg = Debug|Any CPU
		{53962BC5-71CC-4593-9C9F-2D9EFE47B763}.Debug|Any CPU.Build.0 = Debug|Any CPU
		{53962BC5-71CC-4593-9C9F-2D9EFE47B763}.Release|Any CPU.ActiveCfg = Release|Any CPU
		{53962BC5-71CC-4593-9C9F-2D9EFE47B763}.Release|Any CPU.Build.0 = Release|Any CPU
		{31124015-8FF4-4378-B719-5D7BC2FA4254}.Debug|Any CPU.ActiveCfg = Debug|Any CPU
		{31124015-8FF4-4378-B719-5D7BC2FA4254}.Debug|Any CPU.Build.0 = Debug|Any CPU
		{31124015-8FF4-4378-B719-5D7BC2FA4254}.Release|Any CPU.ActiveCfg = Release|Any CPU
		{31124015-8FF4-4378-B719-5D7BC2FA4254}.Release|Any CPU.Build.0 = Release|Any CPU
		{DEF50748-64B6-4E4F-BECA-3F0D6023E34D}.Debug|Any CPU.ActiveCfg = Debug|Any CPU
		{DEF50748-64B6-4E4F-BECA-3F0D6023E34D}.Debug|Any CPU.Build.0 = Debug|Any CPU
		{DEF50748-64B6-4E4F-BECA-3F0D6023E34D}.Release|Any CPU.ActiveCfg = Release|Any CPU
		{DEF50748-64B6-4E4F-BECA-3F0D6023E34D}.Release|Any CPU.Build.0 = Release|Any CPU
		{0F4AC344-C278-4165-8F91-BA9FD07619AD}.Debug|Any CPU.ActiveCfg = Debug|Any CPU
		{0F4AC344-C278-4165-8F91-BA9FD07619AD}.Debug|Any CPU.Build.0 = Debug|Any CPU
		{0F4AC344-C278-4165-8F91-BA9FD07619AD}.Release|Any CPU.ActiveCfg = Release|Any CPU
		{0F4AC344-C278-4165-8F91-BA9FD07619AD}.Release|Any CPU.Build.0 = Release|Any CPU
		{F87A7D3F-D579-4C10-987E-8075E0CBBD0A}.Debug|Any CPU.ActiveCfg = Debug|Any CPU
		{F87A7D3F-D579-4C10-987E-8075E0CBBD0A}.Debug|Any CPU.Build.0 = Debug|Any CPU
		{F87A7D3F-D579-4C10-987E-8075E0CBBD0A}.Release|Any CPU.ActiveCfg = Release|Any CPU
		{F87A7D3F-D579-4C10-987E-8075E0CBBD0A}.Release|Any CPU.Build.0 = Release|Any CPU
	EndGlobalSection
	GlobalSection(SolutionProperties) = preSolution
		HideSolutionNode = FALSE
	EndGlobalSection
	GlobalSection(NestedProjects) = preSolution
		{0F4AC344-C278-4165-8F91-BA9FD07619AD} = {9FCF4F91-41CA-4451-96D1-FBEC377B31F5}
		{F87A7D3F-D579-4C10-987E-8075E0CBBD0A} = {9FCF4F91-41CA-4451-96D1-FBEC377B31F5}
	EndGlobalSection
	GlobalSection(ExtensibilityGlobals) = postSolution
		SolutionGuid = {FEAE883C-A855-457A-A245-9CEFA31933EE}
	EndGlobalSection
EndGlobal
